
Microsoft Visual Studio Solution File, Format Version 12.00
# Visual Studio Version 16
VisualStudioVersion = 16.0.31613.86
MinimumVisualStudioVersion = 10.0.40219.1
Project("{FAE04EC0-301F-11D3-BF4B-00C04F79EFBC}") = "CarRental_Prince", "CarRental_Prince\CarRental_Prince.csproj", "{658A0E75-D2C8-4252-91BF-F91BB3D8A76D}"
EndProject
Global
	GlobalSection(SolutionConfigurationPlatforms) = preSolution
		Debug|Any CPU = Debug|Any CPU
		Release|Any CPU = Release|Any CPU
	EndGlobalSection
	GlobalSection(ProjectConfigurationPlatforms) = postSolution
		{658A0E75-D2C8-4252-91BF-F91BB3D8A76D}.Debug|Any CPU.ActiveCfg = Debug|Any CPU
		{658A0E75-D2C8-4252-91BF-F91BB3D8A76D}.Debug|Any CPU.Build.0 = Debug|Any CPU
		{658A0E75-D2C8-4252-91BF-F91BB3D8A76D}.Release|Any CPU.ActiveCfg = Release|Any CPU
		{658A0E75-D2C8-4252-91BF-F91BB3D8A76D}.Release|Any CPU.Build.0 = Release|Any CPU
	EndGlobalSection
	GlobalSection(SolutionProperties) = preSolution
		HideSolutionNode = FALSE
	EndGlobalSection
	GlobalSection(ExtensibilityGlobals) = postSolution
		SolutionGuid = {8FD721A0-E9F5-49F1-B663-EB964283AE26}
	EndGlobalSection
EndGlobal
